
Microsoft Visual Studio Solution File, Format Version 12.00
# Visual Studio Version 16
VisualStudioVersion = 16.0.30114.105
MinimumVisualStudioVersion = 10.0.40219.1
Project("{FAE04EC0-301F-11D3-BF4B-00C04F79EFBC}") = "ChessIT.Financeiro", "ChessIT.Financeiro\ChessIT.Financeiro.csproj", "{DC1147C7-7D96-40AC-9575-55D9EE95632A}"
EndProject
Global
	GlobalSection(SolutionConfigurationPlatforms) = preSolution
		Debug|Any CPU = Debug|Any CPU
		Debug|x64 = Debug|x64
		Release|Any CPU = Release|Any CPU
		Release|x64 = Release|x64
	EndGlobalSection
	GlobalSection(ProjectConfigurationPlatforms) = postSolution
		{DC1147C7-7D96-40AC-9575-55D9EE95632A}.Debug|Any CPU.ActiveCfg = Debug|Any CPU
		{DC1147C7-7D96-40AC-9575-55D9EE95632A}.Debug|Any CPU.Build.0 = Debug|Any CPU
		{DC1147C7-7D96-40AC-9575-55D9EE95632A}.Debug|x64.ActiveCfg = Debug|x64
		{DC1147C7-7D96-40AC-9575-55D9EE95632A}.Debug|x64.Build.0 = Debug|x64
		{DC1147C7-7D96-40AC-9575-55D9EE95632A}.Release|Any CPU.ActiveCfg = Release|Any CPU
		{DC1147C7-7D96-40AC-9575-55D9EE95632A}.Release|Any CPU.Build.0 = Release|Any CPU
		{DC1147C7-7D96-40AC-9575-55D9EE95632A}.Release|x64.ActiveCfg = Release|x64
		{DC1147C7-7D96-40AC-9575-55D9EE95632A}.Release|x64.Build.0 = Release|x64
	EndGlobalSection
	GlobalSection(SolutionProperties) = preSolution
		HideSolutionNode = FALSE
	EndGlobalSection
	GlobalSection(ExtensibilityGlobals) = postSolution
		SolutionGuid = {9F08C5A3-2932-4DC1-B0E2-90CB95A7707A}
	EndGlobalSection
EndGlobal
